// !$*UTF8*$!
{
	archiveVersion = 1;
	classes = {
	};
	objectVersion = 48;
	objects = {

/* Begin PBXBuildFile section */
		469BBD88204D16EE00A33EF9 /* AppDelegate.swift in Sources */ = {isa = PBXBuildFile; fileRef = 469BBD87204D16EE00A33EF9 /* AppDelegate.swift */; };
		469BBD8A204D16EE00A33EF9 /* ViewController.swift in Sources */ = {isa = PBXBuildFile; fileRef = 469BBD89204D16EE00A33EF9 /* ViewController.swift */; };
		469BBD8D204D16EE00A33EF9 /* Main.storyboard in Resources */ = {isa = PBXBuildFile; fileRef = 469BBD8B204D16EE00A33EF9 /* Main.storyboard */; };
		469BBD90204D16EE00A33EF9 /* High_Mountains.xcdatamodeld in Sources */ = {isa = PBXBuildFile; fileRef = 469BBD8E204D16EE00A33EF9 /* High_Mountains.xcdatamodeld */; };
		469BBD92204D16EE00A33EF9 /* Assets.xcassets in Resources */ = {isa = PBXBuildFile; fileRef = 469BBD91204D16EE00A33EF9 /* Assets.xcassets */; };
		469BBD95204D16EE00A33EF9 /* LaunchScreen.storyboard in Resources */ = {isa = PBXBuildFile; fileRef = 469BBD93204D16EE00A33EF9 /* LaunchScreen.storyboard */; };
		469BBDA0204D16EF00A33EF9 /* High_MountainsTests.swift in Sources */ = {isa = PBXBuildFile; fileRef = 469BBD9F204D16EF00A33EF9 /* High_MountainsTests.swift */; };
		469BBDAB204D16EF00A33EF9 /* High_MountainsUITests.swift in Sources */ = {isa = PBXBuildFile; fileRef = 469BBDAA204D16EF00A33EF9 /* High_MountainsUITests.swift */; };
/* End PBXBuildFile section */

/* Begin PBXContainerItemProxy section */
		469BBD9C204D16EF00A33EF9 /* PBXContainerItemProxy */ = {
			isa = PBXContainerItemProxy;
			containerPortal = 469BBD7C204D16EE00A33EF9 /* Project object */;
			proxyType = 1;
			remoteGlobalIDString = 469BBD83204D16EE00A33EF9;
			remoteInfo = High_Mountains;
		};
		469BBDA7204D16EF00A33EF9 /* PBXContainerItemProxy */ = {
			isa = PBXContainerItemProxy;
			containerPortal = 469BBD7C204D16EE00A33EF9 /* Project object */;
			proxyType = 1;
			remoteGlobalIDString = 469BBD83204D16EE00A33EF9;
			remoteInfo = High_Mountains;
		};
/* End PBXContainerItemProxy section */

/* Begin PBXFileReference section */
		469BBD84204D16EE00A33EF9 /* High_Mountains.app */ = {isa = PBXFileReference; explicitFileType = wrapper.application; includeInIndex = 0; path = High_Mountains.app; sourceTree = BUILT_PRODUCTS_DIR; };
		469BBD87204D16EE00A33EF9 /* AppDelegate.swift */ = {isa = PBXFileReference; lastKnownFileType = sourcecode.swift; path = AppDelegate.swift; sourceTree = "<group>"; };
		469BBD89204D16EE00A33EF9 /* ViewController.swift */ = {isa = PBXFileReference; lastKnownFileType = sourcecode.swift; path = ViewController.swift; sourceTree = "<group>"; };
		469BBD8C204D16EE00A33EF9 /* Base */ = {isa = PBXFileReference; lastKnownFileType = file.storyboard; name = Base; path = Base.lproj/Main.storyboard; sourceTree = "<group>"; };
		469BBD8F204D16EE00A33EF9 /* High_Mountains.xcdatamodel */ = {isa = PBXFileReference; lastKnownFileType = wrapper.xcdatamodel; path = High_Mountains.xcdatamodel; sourceTree = "<group>"; };
		469BBD91204D16EE00A33EF9 /* Assets.xcassets */ = {isa = PBXFileReference; lastKnownFileType = folder.assetcatalog; path = Assets.xcassets; sourceTree = "<group>"; };
		469BBD94204D16EE00A33EF9 /* Base */ = {isa = PBXFileReference; lastKnownFileType = file.storyboard; name = Base; path = Base.lproj/LaunchScreen.storyboard; sourceTree = "<group>"; };
		469BBD96204D16EF00A33EF9 /* Info.plist */ = {isa = PBXFileReference; lastKnownFileType = text.plist.xml; path = Info.plist; sourceTree = "<group>"; };
		469BBD9B204D16EF00A33EF9 /* High_MountainsTests.xctest */ = {isa = PBXFileReference; explicitFileType = wrapper.cfbundle; includeInIndex = 0; path = High_MountainsTests.xctest; sourceTree = BUILT_PRODUCTS_DIR; };
		469BBD9F204D16EF00A33EF9 /* High_MountainsTests.swift */ = {isa = PBXFileReference; lastKnownFileType = sourcecode.swift; path = High_MountainsTests.swift; sourceTree = "<group>"; };
		469BBDA1204D16EF00A33EF9 /* Info.plist */ = {isa = PBXFileReference; lastKnownFileType = text.plist.xml; path = Info.plist; sourceTree = "<group>"; };
		469BBDA6204D16EF00A33EF9 /* High_MountainsUITests.xctest */ = {isa = PBXFileReference; explicitFileType = wrapper.cfbundle; includeInIndex = 0; path = High_MountainsUITests.xctest; sourceTree = BUILT_PRODUCTS_DIR; };
		469BBDAA204D16EF00A33EF9 /* High_MountainsUITests.swift */ = {isa = PBXFileReference; lastKnownFileType = sourcecode.swift; path = High_MountainsUITests.swift; sourceTree = "<group>"; };
		469BBDAC204D16EF00A33EF9 /* Info.plist */ = {isa = PBXFileReference; lastKnownFileType = text.plist.xml; path = Info.plist; sourceTree = "<group>"; };
/* End PBXFileReference section */

/* Begin PBXFrameworksBuildPhase section */
		469BBD81204D16EE00A33EF9 /* Frameworks */ = {
			isa = PBXFrameworksBuildPhase;
			buildActionMask = 2147483647;
			files = (
			);
			runOnlyForDeploymentPostprocessing = 0;
		};
		469BBD98204D16EF00A33EF9 /* Frameworks */ = {
			isa = PBXFrameworksBuildPhase;
			buildActionMask = 2147483647;
			files = (
			);
			runOnlyForDeploymentPostprocessing = 0;
		};
		469BBDA3204D16EF00A33EF9 /* Frameworks */ = {
			isa = PBXFrameworksBuildPhase;
			buildActionMask = 2147483647;
			files = (
			);
			runOnlyForDeploymentPostprocessing = 0;
		};
/* End PBXFrameworksBuildPhase section */

/* Begin PBXGroup section */
		469BBD7B204D16EE00A33EF9 = {
			isa = PBXGroup;
			children = (
				469BBD86204D16EE00A33EF9 /* High_Mountains */,
				469BBD9E204D16EF00A33EF9 /* High_MountainsTests */,
				469BBDA9204D16EF00A33EF9 /* High_MountainsUITests */,
				469BBD85204D16EE00A33EF9 /* Products */,
			);
			sourceTree = "<group>";
		};
		469BBD85204D16EE00A33EF9 /* Products */ = {
			isa = PBXGroup;
			children = (
				469BBD84204D16EE00A33EF9 /* High_Mountains.app */,
				469BBD9B204D16EF00A33EF9 /* High_MountainsTests.xctest */,
				469BBDA6204D16EF00A33EF9 /* High_MountainsUITests.xctest */,
			);
			name = Products;
			sourceTree = "<group>";
		};
		469BBD86204D16EE00A33EF9 /* High_Mountains */ = {
			isa = PBXGroup;
			children = (
				469BBD87204D16EE00A33EF9 /* AppDelegate.swift */,
				469BBD89204D16EE00A33EF9 /* ViewController.swift */,
				469BBD8B204D16EE00A33EF9 /* Main.storyboard */,
				469BBD91204D16EE00A33EF9 /* Assets.xcassets */,
				469BBD93204D16EE00A33EF9 /* LaunchScreen.storyboard */,
				469BBD96204D16EF00A33EF9 /* Info.plist */,
				469BBD8E204D16EE00A33EF9 /* High_Mountains.xcdatamodeld */,
			);
			path = High_Mountains;
			sourceTree = "<group>";
		};
		469BBD9E204D16EF00A33EF9 /* High_MountainsTests */ = {
			isa = PBXGroup;
			children = (
				469BBD9F204D16EF00A33EF9 /* High_MountainsTests.swift */,
				469BBDA1204D16EF00A33EF9 /* Info.plist */,
			);
			path = High_MountainsTests;
			sourceTree = "<group>";
		};
		469BBDA9204D16EF00A33EF9 /* High_MountainsUITests */ = {
			isa = PBXGroup;
			children = (
				469BBDAA204D16EF00A33EF9 /* High_MountainsUITests.swift */,
				469BBDAC204D16EF00A33EF9 /* Info.plist */,
			);
			path = High_MountainsUITests;
			sourceTree = "<group>";
		};
/* End PBXGroup section */

/* Begin PBXNativeTarget section */
		469BBD83204D16EE00A33EF9 /* High_Mountains */ = {
			isa = PBXNativeTarget;
			buildConfigurationList = 469BBDAF204D16EF00A33EF9 /* Build configuration list for PBXNativeTarget "High_Mountains" */;
			buildPhases = (
				469BBD80204D16EE00A33EF9 /* Sources */,
				469BBD81204D16EE00A33EF9 /* Frameworks */,
				469BBD82204D16EE00A33EF9 /* Resources */,
			);
			buildRules = (
			);
			dependencies = (
			);
			name = High_Mountains;
			productName = High_Mountains;
			productReference = 469BBD84204D16EE00A33EF9 /* High_Mountains.app */;
			productType = "com.apple.product-type.application";
		};
		469BBD9A204D16EF00A33EF9 /* High_MountainsTests */ = {
			isa = PBXNativeTarget;
			buildConfigurationList = 469BBDB2204D16EF00A33EF9 /* Build configuration list for PBXNativeTarget "High_MountainsTests" */;
			buildPhases = (
				469BBD97204D16EF00A33EF9 /* Sources */,
				469BBD98204D16EF00A33EF9 /* Frameworks */,
				469BBD99204D16EF00A33EF9 /* Resources */,
			);
			buildRules = (
			);
			dependencies = (
				469BBD9D204D16EF00A33EF9 /* PBXTargetDependency */,
			);
			name = High_MountainsTests;
			productName = High_MountainsTests;
			productReference = 469BBD9B204D16EF00A33EF9 /* High_MountainsTests.xctest */;
			productType = "com.apple.product-type.bundle.unit-test";
		};
		469BBDA5204D16EF00A33EF9 /* High_MountainsUITests */ = {
			isa = PBXNativeTarget;
			buildConfigurationList = 469BBDB5204D16EF00A33EF9 /* Build configuration list for PBXNativeTarget "High_MountainsUITests" */;
			buildPhases = (
				469BBDA2204D16EF00A33EF9 /* Sources */,
				469BBDA3204D16EF00A33EF9 /* Frameworks */,
				469BBDA4204D16EF00A33EF9 /* Resources */,
			);
			buildRules = (
			);
			dependencies = (
				469BBDA8204D16EF00A33EF9 /* PBXTargetDependency */,
			);
			name = High_MountainsUITests;
			productName = High_MountainsUITests;
			productReference = 469BBDA6204D16EF00A33EF9 /* High_MountainsUITests.xctest */;
			productType = "com.apple.product-type.bundle.ui-testing";
		};
/* End PBXNativeTarget section */

/* Begin PBXProject section */
		469BBD7C204D16EE00A33EF9 /* Project object */ = {
			isa = PBXProject;
			attributes = {
				LastSwiftUpdateCheck = 0920;
				LastUpgradeCheck = 0920;
				ORGANIZATIONNAME = Abhishek;
				TargetAttributes = {
					469BBD83204D16EE00A33EF9 = {
						CreatedOnToolsVersion = 9.2;
						ProvisioningStyle = Automatic;
					};
					469BBD9A204D16EF00A33EF9 = {
						CreatedOnToolsVersion = 9.2;
						ProvisioningStyle = Automatic;
						TestTargetID = 469BBD83204D16EE00A33EF9;
					};
					469BBDA5204D16EF00A33EF9 = {
						CreatedOnToolsVersion = 9.2;
						ProvisioningStyle = Automatic;
						TestTargetID = 469BBD83204D16EE00A33EF9;
					};
				};
			};
			buildConfigurationList = 469BBD7F204D16EE00A33EF9 /* Build configuration list for PBXProject "High_Mountains" */;
			compatibilityVersion = "Xcode 8.0";
			developmentRegion = en;
			hasScannedForEncodings = 0;
			knownRegions = (
				en,
				Base,
			);
			mainGroup = 469BBD7B204D16EE00A33EF9;
			productRefGroup = 469BBD85204D16EE00A33EF9 /* Products */;
			projectDirPath = "";
			projectRoot = "";
			targets = (
				469BBD83204D16EE00A33EF9 /* High_Mountains */,
				469BBD9A204D16EF00A33EF9 /* High_MountainsTests */,
				469BBDA5204D16EF00A33EF9 /* High_MountainsUITests */,
			);
		};
/* End PBXProject section */

/* Begin PBXResourcesBuildPhase section */
		469BBD82204D16EE00A33EF9 /* Resources */ = {
			isa = PBXResourcesBuildPhase;
			buildActionMask = 2147483647;
			files = (
				469BBD95204D16EE00A33EF9 /* LaunchScreen.storyboard in Resources */,
				469BBD92204D16EE00A33EF9 /* Assets.xcassets in Resources */,
				469BBD8D204D16EE00A33EF9 /* Main.storyboard in Resources */,
			);
			runOnlyForDeploymentPostprocessing = 0;
		};
		469BBD99204D16EF00A33EF9 /* Resources */ = {
			isa = PBXResourcesBuildPhase;
			buildActionMask = 2147483647;
			files = (
			);
			runOnlyForDeploymentPostprocessing = 0;
		};
		469BBDA4204D16EF00A33EF9 /* Resources */ = {
			isa = PBXResourcesBuildPhase;
			buildActionMask = 2147483647;
			files = (
			);
			runOnlyForDeploymentPostprocessing = 0;
		};
/* End PBXResourcesBuildPhase section */

/* Begin PBXSourcesBuildPhase section */
		469BBD80204D16EE00A33EF9 /* Sources */ = {
			isa = PBXSourcesBuildPhase;
			buildActionMask = 2147483647;
			files = (
				469BBD8A204D16EE00A33EF9 /* ViewController.swift in Sources */,
				469BBD88204D16EE00A33EF9 /* AppDelegate.swift in Sources */,
				469BBD90204D16EE00A33EF9 /* High_Mountains.xcdatamodeld in Sources */,
			);
			runOnlyForDeploymentPostprocessing = 0;
		};
		469BBD97204D16EF00A33EF9 /* Sources */ = {
			isa = PBXSourcesBuildPhase;
			buildActionMask = 2147483647;
			files = (
				469BBDA0204D16EF00A33EF9 /* High_MountainsTests.swift in Sources */,
			);
			runOnlyForDeploymentPostprocessing = 0;
		};
		469BBDA2204D16EF00A33EF9 /* Sources */ = {
			isa = PBXSourcesBuildPhase;
			buildActionMask = 2147483647;
			files = (
				469BBDAB204D16EF00A33EF9 /* High_MountainsUITests.swift in Sources */,
			);
			runOnlyForDeploymentPostprocessing = 0;
		};
/* End PBXSourcesBuildPhase section */

/* Begin PBXTargetDependency section */
		469BBD9D204D16EF00A33EF9 /* PBXTargetDependency */ = {
			isa = PBXTargetDependency;
			target = 469BBD83204D16EE00A33EF9 /* High_Mountains */;
			targetProxy = 469BBD9C204D16EF00A33EF9 /* PBXContainerItemProxy */;
		};
		469BBDA8204D16EF00A33EF9 /* PBXTargetDependency */ = {
			isa = PBXTargetDependency;
			target = 469BBD83204D16EE00A33EF9 /* High_Mountains */;
			targetProxy = 469BBDA7204D16EF00A33EF9 /* PBXContainerItemProxy */;
		};
/* End PBXTargetDependency section */

/* Begin PBXVariantGroup section */
		469BBD8B204D16EE00A33EF9 /* Main.storyboard */ = {
			isa = PBXVariantGroup;
			children = (
				469BBD8C204D16EE00A33EF9 /* Base */,
			);
			name = Main.storyboard;
			sourceTree = "<group>";
		};
		469BBD93204D16EE00A33EF9 /* LaunchScreen.storyboard */ = {
			isa = PBXVariantGroup;
			children = (
				469BBD94204D16EE00A33EF9 /* Base */,
			);
			name = LaunchScreen.storyboard;
			sourceTree = "<group>";
		};
/* End PBXVariantGroup section */

/* Begin XCBuildConfiguration section */
		469BBDAD204D16EF00A33EF9 /* Debug */ = {
			isa = XCBuildConfiguration;
			buildSettings = {
				ALWAYS_SEARCH_USER_PATHS = NO;
				CLANG_ANALYZER_NONNULL = YES;
				CLANG_ANALYZER_NUMBER_OBJECT_CONVERSION = YES_AGGRESSIVE;
				CLANG_CXX_LANGUAGE_STANDARD = "gnu++14";
				CLANG_CXX_LIBRARY = "libc++";
				CLANG_ENABLE_MODULES = YES;
				CLANG_ENABLE_OBJC_ARC = YES;
				CLANG_WARN_BLOCK_CAPTURE_AUTORELEASING = YES;
				CLANG_WARN_BOOL_CONVERSION = YES;
				CLANG_WARN_COMMA = YES;
				CLANG_WARN_CONSTANT_CONVERSION = YES;
				CLANG_WARN_DIRECT_OBJC_ISA_USAGE = YES_ERROR;
				CLANG_WARN_DOCUMENTATION_COMMENTS = YES;
				CLANG_WARN_EMPTY_BODY = YES;
				CLANG_WARN_ENUM_CONVERSION = YES;
				CLANG_WARN_INFINITE_RECURSION = YES;
				CLANG_WARN_INT_CONVERSION = YES;
				CLANG_WARN_NON_LITERAL_NULL_CONVERSION = YES;
				CLANG_WARN_OBJC_LITERAL_CONVERSION = YES;
				CLANG_WARN_OBJC_ROOT_CLASS = YES_ERROR;
				CLANG_WARN_RANGE_LOOP_ANALYSIS = YES;
				CLANG_WARN_STRICT_PROTOTYPES = YES;
				CLANG_WARN_SUSPICIOUS_MOVE = YES;
				CLANG_WARN_UNGUARDED_AVAILABILITY = YES_AGGRESSIVE;
				CLANG_WARN_UNREACHABLE_CODE = YES;
				CLANG_WARN__DUPLICATE_METHOD_MATCH = YES;
				CODE_SIGN_IDENTITY = "iPhone Developer";
				COPY_PHASE_STRIP = NO;
				DEBUG_INFORMATION_FORMAT = dwarf;
				ENABLE_STRICT_OBJC_MSGSEND = YES;
				ENABLE_TESTABILITY = YES;
				GCC_C_LANGUAGE_STANDARD = gnu11;
				GCC_DYNAMIC_NO_PIC = NO;
				GCC_NO_COMMON_BLOCKS = YES;
				GCC_OPTIMIZATION_LEVEL = 0;
				GCC_PREPROCESSOR_DEFINITIONS = (
					"DEBUG=1",
					"$(inherited)",
				);
				GCC_WARN_64_TO_32_BIT_CONVERSION = YES;
				GCC_WARN_ABOUT_RETURN_TYPE = YES_ERROR;
				GCC_WARN_UNDECLARED_SELECTOR = YES;
				GCC_WARN_UNINITIALIZED_AUTOS = YES_AGGRESSIVE;
				GCC_WARN_UNUSED_FUNCTION = YES;
				GCC_WARN_UNUSED_VARIABLE = YES;
				IPHONEOS_DEPLOYMENT_TARGET = 11.2;
				MTL_ENABLE_DEBUG_INFO = YES;
				ONLY_ACTIVE_ARCH = YES;
				SDKROOT = iphoneos;
				SWIFT_ACTIVE_COMPILATION_CONDITIONS = DEBUG;
				SWIFT_OPTIMIZATION_LEVEL = "-Onone";
			};
			name = Debug;
		};
		469BBDAE204D16EF00A33EF9 /* Release */ = {
			isa = XCBuildConfiguration;
			buildSettings = {
				ALWAYS_SEARCH_USER_PATHS = NO;
				CLANG_ANALYZER_NONNULL = YES;
				CLANG_ANALYZER_NUMBER_OBJECT_CONVERSION = YES_AGGRESSIVE;
				CLANG_CXX_LANGUAGE_STANDARD = "gnu++14";
				CLANG_CXX_LIBRARY = "libc++";
				CLANG_ENABLE_MODULES = YES;
				CLANG_ENABLE_OBJC_ARC = YES;
				CLANG_WARN_BLOCK_CAPTURE_AUTORELEASING = YES;
				CLANG_WARN_BOOL_CONVERSION = YES;
				CLANG_WARN_COMMA = YES;
				CLANG_WARN_CONSTANT_CONVERSION = YES;
				CLANG_WARN_DIRECT_OBJC_ISA_USAGE = YES_ERROR;
				CLANG_WARN_DOCUMENTATION_COMMENTS = YES;
				CLANG_WARN_EMPTY_BODY = YES;
				CLANG_WARN_ENUM_CONVERSION = YES;
				CLANG_WARN_INFINITE_RECURSION = YES;
				CLANG_WARN_INT_CONVERSION = YES;
				CLANG_WARN_NON_LITERAL_NULL_CONVERSION = YES;
				CLANG_WARN_OBJC_LITERAL_CONVERSION = YES;
				CLANG_WARN_OBJC_ROOT_CLASS = YES_ERROR;
				CLANG_WARN_RANGE_LOOP_ANALYSIS = YES;
				CLANG_WARN_STRICT_PROTOTYPES = YES;
				CLANG_WARN_SUSPICIOUS_MOVE = YES;
				CLANG_WARN_UNGUARDED_AVAILABILITY = YES_AGGRESSIVE;
				CLANG_WARN_UNREACHABLE_CODE = YES;
				CLANG_WARN__DUPLICATE_METHOD_MATCH = YES;
				CODE_SIGN_IDENTITY = "iPhone Developer";
				COPY_PHASE_STRIP = NO;
				DEBUG_INFORMATION_FORMAT = "dwarf-with-dsym";
				ENABLE_NS_ASSERTIONS = NO;
				ENABLE_STRICT_OBJC_MSGSEND = YES;
				GCC_C_LANGUAGE_STANDARD = gnu11;
				GCC_NO_COMMON_BLOCKS = YES;
				GCC_WARN_64_TO_32_BIT_CONVERSION = YES;
				GCC_WARN_ABOUT_RETURN_TYPE = YES_ERROR;
				GCC_WARN_UNDECLARED_SELECTOR = YES;
				GCC_WARN_UNINITIALIZED_AUTOS = YES_AGGRESSIVE;
				GCC_WARN_UNUSED_FUNCTION = YES;
				GCC_WARN_UNUSED_VARIABLE = YES;
				IPHONEOS_DEPLOYMENT_TARGET = 11.2;
				MTL_ENABLE_DEBUG_INFO = NO;
				SDKROOT = iphoneos;
				SWIFT_OPTIMIZATION_LEVEL = "-Owholemodule";
				VALIDATE_PRODUCT = YES;
			};
			name = Release;
		};
		469BBDB0204D16EF00A33EF9 /* Debug */ = {
			isa = XCBuildConfiguration;
			buildSettings = {
				ASSETCATALOG_COMPILER_APPICON_NAME = AppIcon;
				CODE_SIGN_STYLE = Automatic;
				INFOPLIST_FILE = High_Mountains/Info.plist;
				LD_RUNPATH_SEARCH_PATHS = "$(inherited) @executable_path/Frameworks";
				PRODUCT_BUNDLE_IDENTIFIER = "sample1.High-Mountains";
				PRODUCT_NAME = "$(TARGET_NAME)";
				SWIFT_VERSION = 4.0;
				TARGETED_DEVICE_FAMILY = "1,2";
			};
			name = Debug;
		};
		469BBDB1204D16EF00A33EF9 /* Release */ = {
			isa = XCBuildConfiguration;
			buildSettings = {
				ASSETCATALOG_COMPILER_APPICON_NAME = AppIcon;
				CODE_SIGN_STYLE = Automatic;
				INFOPLIST_FILE = High_Mountains/Info.plist;
				LD_RUNPATH_SEARCH_PATHS = "$(inherited) @executable_path/Frameworks";
				PRODUCT_BUNDLE_IDENTIFIER = "sample1.High-Mountains";
				PRODUCT_NAME = "$(TARGET_NAME)";
				SWIFT_VERSION = 4.0;
				TARGETED_DEVICE_FAMILY = "1,2";
			};
			name = Release;
		};
		469BBDB3204D16EF00A33EF9 /* Debug */ = {
			isa = XCBuildConfiguration;
			buildSettings = {
				ALWAYS_EMBED_SWIFT_STANDARD_LIBRARIES = YES;
				BUNDLE_LOADER = "$(TEST_HOST)";
				CODE_SIGN_STYLE = Automatic;
				INFOPLIST_FILE = High_MountainsTests/Info.plist;
				LD_RUNPATH_SEARCH_PATHS = "$(inherited) @executable_path/Frameworks @loader_path/Frameworks";
				PRODUCT_BUNDLE_IDENTIFIER = "sample1.High-MountainsTests";
				PRODUCT_NAME = "$(TARGET_NAME)";
				SWIFT_VERSION = 4.0;
				TARGETED_DEVICE_FAMILY = "1,2";
				TEST_HOST = "$(BUILT_PRODUCTS_DIR)/High_Mountains.app/High_Mountains";
			};
			name = Debug;
		};
		469BBDB4204D16EF00A33EF9 /* Release */ = {
			isa = XCBuildConfiguration;
			buildSettings = {
				ALWAYS_EMBED_SWIFT_STANDARD_LIBRARIES = YES;
				BUNDLE_LOADER = "$(TEST_HOST)";
				CODE_SIGN_STYLE = Automatic;
				INFOPLIST_FILE = High_MountainsTests/Info.plist;
				LD_RUNPATH_SEARCH_PATHS = "$(inherited) @executable_path/Frameworks @loader_path/Frameworks";
				PRODUCT_BUNDLE_IDENTIFIER = "sample1.High-MountainsTests";
				PRODUCT_NAME = "$(TARGET_NAME)";
				SWIFT_VERSION = 4.0;
				TARGETED_DEVICE_FAMILY = "1,2";
				TEST_HOST = "$(BUILT_PRODUCTS_DIR)/High_Mountains.app/High_Mountains";
			};
			name = Release;
		};
		469BBDB6204D16EF00A33EF9 /* Debug */ = {
			isa = XCBuildConfiguration;
			buildSettings = {
				ALWAYS_EMBED_SWIFT_STANDARD_LIBRARIES = YES;
				CODE_SIGN_STYLE = Automatic;
				INFOPLIST_FILE = High_MountainsUITests/Info.plist;
				LD_RUNPATH_SEARCH_PATHS = "$(inherited) @executable_path/Frameworks @loader_path/Frameworks";
				PRODUCT_BUNDLE_IDENTIFIER = "sample1.High-MountainsUITests";
				PRODUCT_NAME = "$(TARGET_NAME)";
				SWIFT_VERSION = 4.0;
				TARGETED_DEVICE_FAMILY = "1,2";
				TEST_TARGET_NAME = High_Mountains;
			};
			name = Debug;
		};
		469BBDB7204D16EF00A33EF9 /* Release */ = {
			isa = XCBuildConfiguration;
			buildSettings = {
				ALWAYS_EMBED_SWIFT_STANDARD_LIBRARIES = YES;
				CODE_SIGN_STYLE = Automatic;
				INFOPLIST_FILE = High_MountainsUITests/Info.plist;
				LD_RUNPATH_SEARCH_PATHS = "$(inherited) @executable_path/Frameworks @loader_path/Frameworks";
				PRODUCT_BUNDLE_IDENTIFIER = "sample1.High-MountainsUITests";
				PRODUCT_NAME = "$(TARGET_NAME)";
				SWIFT_VERSION = 4.0;
				TARGETED_DEVICE_FAMILY = "1,2";
				TEST_TARGET_NAME = High_Mountains;
			};
			name = Release;
		};
/* End XCBuildConfiguration section */

/* Begin XCConfigurationList section */
		469BBD7F204D16EE00A33EF9 /* Build configuration list for PBXProject "High_Mountains" */ = {
			isa = XCConfigurationList;
			buildConfigurations = (
				469BBDAD204D16EF00A33EF9 /* Debug */,
				469BBDAE204D16EF00A33EF9 /* Release */,
			);
			defaultConfigurationIsVisible = 0;
			defaultConfigurationName = Release;
		};
		469BBDAF204D16EF00A33EF9 /* Build configuration list for PBXNativeTarget "High_Mountains" */ = {
			isa = XCConfigurationList;
			buildConfigurations = (
				469BBDB0204D16EF00A33EF9 /* Debug */,
				469BBDB1204D16EF00A33EF9 /* Release */,
			);
			defaultConfigurationIsVisible = 0;
			defaultConfigurationName = Release;
		};
		469BBDB2204D16EF00A33EF9 /* Build configuration list for PBXNativeTarget "High_MountainsTests" */ = {
			isa = XCConfigurationList;
			buildConfigurations = (
				469BBDB3204D16EF00A33EF9 /* Debug */,
				469BBDB4204D16EF00A33EF9 /* Release */,
			);
			defaultConfigurationIsVisible = 0;
			defaultConfigurationName = Release;
		};
		469BBDB5204D16EF00A33EF9 /* Build configuration list for PBXNativeTarget "High_MountainsUITests" */ = {
			isa = XCConfigurationList;
			buildConfigurations = (
				469BBDB6204D16EF00A33EF9 /* Debug */,
				469BBDB7204D16EF00A33EF9 /* Release */,
			);
			defaultConfigurationIsVisible = 0;
			defaultConfigurationName = Release;
		};
/* End XCConfigurationList section */

/* Begin XCVersionGroup section */
		469BBD8E204D16EE00A33EF9 /* High_Mountains.xcdatamodeld */ = {
			isa = XCVersionGroup;
			children = (
				469BBD8F204D16EE00A33EF9 /* High_Mountains.xcdatamodel */,
			);
			currentVersion = 469BBD8F204D16EE00A33EF9 /* High_Mountains.xcdatamodel */;
			path = High_Mountains.xcdatamodeld;
			sourceTree = "<group>";
			versionGroupType = wrapper.xcdatamodel;
		};
/* End XCVersionGroup section */
	};
	rootObject = 469BBD7C204D16EE00A33EF9 /* Project object */;
}
