PODS:
  - IQKeyboardManagerSwift (5.0.8)
  - SJSegmentedScrollView (1.3.8)
  - TextFieldEffects (1.4.0)
  - YNDropDownMenu (3.0.2)

DEPENDENCIES:
  - IQKeyboardManagerSwift
  - SJSegmentedScrollView (= 1.3.8)
  - TextFieldEffects
  - YNDropDownMenu

SPEC CHECKSUMS:
  IQKeyboardManagerSwift: 2e7dc7f98c111458c1ea2b373f893e8cf95e2b97
  SJSegmentedScrollView: 2308af5e7dbbbcbf7042efd47128f162186ed078
  TextFieldEffects: 4ee41b5216e674d55fb6ac25107bf1af7629176f
  YNDropDownMenu: 9421eb9c144448415d90141344a2cdbbaf11fc3c

PODFILE CHECKSUM: dc3c21e2f8b48a9f6c01c92d7d63b233a871efe4

COCOAPODS: 1.3.1
